
Microsoft Visual Studio Solution File, Format Version 12.00
# Visual Studio Version 16
VisualStudioVersion = 16.0.31702.278
MinimumVisualStudioVersion = 10.0.40219.1
Project("{FAE04EC0-301F-11D3-BF4B-00C04F79EFBC}") = "LoginSemana8", "LoginSemana8\LoginSemana8.csproj", "{72878729-5CDB-4662-83A8-A12003E63C1A}"
EndProject
Global
	GlobalSection(SolutionConfigurationPlatforms) = preSolution
		Debug|Any CPU = Debug|Any CPU
		Release|Any CPU = Release|Any CPU
	EndGlobalSection
	GlobalSection(ProjectConfigurationPlatforms) = postSolution
		{72878729-5CDB-4662-83A8-A12003E63C1A}.Debug|Any CPU.ActiveCfg = Debug|Any CPU
		{72878729-5CDB-4662-83A8-A12003E63C1A}.Debug|Any CPU.Build.0 = Debug|Any CPU
		{72878729-5CDB-4662-83A8-A12003E63C1A}.Release|Any CPU.ActiveCfg = Release|Any CPU
		{72878729-5CDB-4662-83A8-A12003E63C1A}.Release|Any CPU.Build.0 = Release|Any CPU
	EndGlobalSection
	GlobalSection(SolutionProperties) = preSolution
		HideSolutionNode = FALSE
	EndGlobalSection
	GlobalSection(ExtensibilityGlobals) = postSolution
		SolutionGuid = {82BD2052-0738-4A8C-B386-8144F1B8F0F5}
	EndGlobalSection
EndGlobal
